
Microsoft Visual Studio Solution File, Format Version 12.00
# Visual Studio 2013
VisualStudioVersion = 12.0.31101.0
MinimumVisualStudioVersion = 10.0.40219.1
Project("{FAE04EC0-301F-11D3-BF4B-00C04F79EFBC}") = "WebFormStudy", "WebFormStudy\WebFormStudy.csproj", "{F6667D1B-C7A4-4263-915C-F7406876CE2F}"
EndProject
Project("{FAE04EC0-301F-11D3-BF4B-00C04F79EFBC}") = "MvcStudy", "MvcStudy\MvcStudy.csproj", "{45DF261D-12F9-4BEE-86E9-9808526C4B79}"
EndProject
Project("{FAE04EC0-301F-11D3-BF4B-00C04F79EFBC}") = "ConsoleAppStudy", "ConsoleAppStudy\ConsoleAppStudy.csproj", "{2FE73A7C-6D8C-401A-96A3-CB52E7F4DFB0}"
EndProject
Project("{FAE04EC0-301F-11D3-BF4B-00C04F79EFBC}") = "AutoFacWinform", "AutoFacWinform\AutoFacWinform.csproj", "{ABF2433E-D2AC-4F39-B1F7-D3E25C474C1B}"
EndProject
Project("{FAE04EC0-301F-11D3-BF4B-00C04F79EFBC}") = "AutoFacMVC", "AutoFacMVC\AutoFacMVC.csproj", "{6D6F619B-2D28-4493-B29B-3E2EC80E1B4D}"
EndProject
Project("{FAE04EC0-301F-11D3-BF4B-00C04F79EFBC}") = "AutoFacMVCNgRoute", "WebApplication1\AutoFacMVCNgRoute.csproj", "{945466FA-CFC3-480C-A590-BD07333A39AB}"
EndProject
Global
	GlobalSection(SolutionConfigurationPlatforms) = preSolution
		Debug|Any CPU = Debug|Any CPU
		Release|Any CPU = Release|Any CPU
	EndGlobalSection
	GlobalSection(ProjectConfigurationPlatforms) = postSolution
		{F6667D1B-C7A4-4263-915C-F7406876CE2F}.Debug|Any CPU.ActiveCfg = Debug|Any CPU
		{F6667D1B-C7A4-4263-915C-F7406876CE2F}.Debug|Any CPU.Build.0 = Debug|Any CPU
		{F6667D1B-C7A4-4263-915C-F7406876CE2F}.Release|Any CPU.ActiveCfg = Release|Any CPU
		{F6667D1B-C7A4-4263-915C-F7406876CE2F}.Release|Any CPU.Build.0 = Release|Any CPU
		{45DF261D-12F9-4BEE-86E9-9808526C4B79}.Debug|Any CPU.ActiveCfg = Debug|Any CPU
		{45DF261D-12F9-4BEE-86E9-9808526C4B79}.Debug|Any CPU.Build.0 = Debug|Any CPU
		{45DF261D-12F9-4BEE-86E9-9808526C4B79}.Release|Any CPU.ActiveCfg = Release|Any CPU
		{45DF261D-12F9-4BEE-86E9-9808526C4B79}.Release|Any CPU.Build.0 = Release|Any CPU
		{2FE73A7C-6D8C-401A-96A3-CB52E7F4DFB0}.Debug|Any CPU.ActiveCfg = Debug|Any CPU
		{2FE73A7C-6D8C-401A-96A3-CB52E7F4DFB0}.Debug|Any CPU.Build.0 = Debug|Any CPU
		{2FE73A7C-6D8C-401A-96A3-CB52E7F4DFB0}.Release|Any CPU.ActiveCfg = Release|Any CPU
		{2FE73A7C-6D8C-401A-96A3-CB52E7F4DFB0}.Release|Any CPU.Build.0 = Release|Any CPU
		{ABF2433E-D2AC-4F39-B1F7-D3E25C474C1B}.Debug|Any CPU.ActiveCfg = Debug|Any CPU
		{ABF2433E-D2AC-4F39-B1F7-D3E25C474C1B}.Debug|Any CPU.Build.0 = Debug|Any CPU
		{ABF2433E-D2AC-4F39-B1F7-D3E25C474C1B}.Release|Any CPU.ActiveCfg = Release|Any CPU
		{ABF2433E-D2AC-4F39-B1F7-D3E25C474C1B}.Release|Any CPU.Build.0 = Release|Any CPU
		{6D6F619B-2D28-4493-B29B-3E2EC80E1B4D}.Debug|Any CPU.ActiveCfg = Debug|Any CPU
		{6D6F619B-2D28-4493-B29B-3E2EC80E1B4D}.Debug|Any CPU.Build.0 = Debug|Any CPU
		{6D6F619B-2D28-4493-B29B-3E2EC80E1B4D}.Release|Any CPU.ActiveCfg = Release|Any CPU
		{6D6F619B-2D28-4493-B29B-3E2EC80E1B4D}.Release|Any CPU.Build.0 = Release|Any CPU
		{945466FA-CFC3-480C-A590-BD07333A39AB}.Debug|Any CPU.ActiveCfg = Debug|Any CPU
		{945466FA-CFC3-480C-A590-BD07333A39AB}.Debug|Any CPU.Build.0 = Debug|Any CPU
		{945466FA-CFC3-480C-A590-BD07333A39AB}.Release|Any CPU.ActiveCfg = Release|Any CPU
		{945466FA-CFC3-480C-A590-BD07333A39AB}.Release|Any CPU.Build.0 = Release|Any CPU
	EndGlobalSection
	GlobalSection(SolutionProperties) = preSolution
		HideSolutionNode = FALSE
	EndGlobalSection
EndGlobal
